
Microsoft Visual Studio Solution File, Format Version 12.00
# Visual Studio Version 17
VisualStudioVersion = 17.13.35825.156 d17.13
MinimumVisualStudioVersion = 10.0.40219.1
Project("{FAE04EC0-301F-11D3-BF4B-00C04F79EFBC}") = "Events", "Events\Events.csproj", "{32A6A458-4A9F-49AD-B52D-815004B5FE41}"
EndProject
Global
	GlobalSection(SolutionConfigurationPlatforms) = preSolution
		Debug|Any CPU = Debug|Any CPU
		Release|Any CPU = Release|Any CPU
	EndGlobalSection
	GlobalSection(ProjectConfigurationPlatforms) = postSolution
		{32A6A458-4A9F-49AD-B52D-815004B5FE41}.Debug|Any CPU.ActiveCfg = Debug|Any CPU
		{32A6A458-4A9F-49AD-B52D-815004B5FE41}.Debug|Any CPU.Build.0 = Debug|Any CPU
		{32A6A458-4A9F-49AD-B52D-815004B5FE41}.Release|Any CPU.ActiveCfg = Release|Any CPU
		{32A6A458-4A9F-49AD-B52D-815004B5FE41}.Release|Any CPU.Build.0 = Release|Any CPU
	EndGlobalSection
	GlobalSection(SolutionProperties) = preSolution
		HideSolutionNode = FALSE
	EndGlobalSection
	GlobalSection(ExtensibilityGlobals) = postSolution
		SolutionGuid = {1BF4003A-C947-49A8-86F6-E553DDBB4F20}
	EndGlobalSection
EndGlobal
